
Microsoft Visual Studio Solution File, Format Version 12.00
# Visual Studio 15
VisualStudioVersion = 15.0.28307.489
MinimumVisualStudioVersion = 10.0.40219.1
Project("{FAE04EC0-301F-11D3-BF4B-00C04F79EFBC}") = "Utilities", "Utilities\Utilities.csproj", "{5BDDA229-3479-47F7-B7FC-501A4FBD8511}"
EndProject
Project("{FAE04EC0-301F-11D3-BF4B-00C04F79EFBC}") = "Part2", "Part2\Part2.csproj", "{264C5855-A290-42FE-9FBD-DBD5F0A770DA}"
EndProject
Global
	GlobalSection(SolutionConfigurationPlatforms) = preSolution
		Debug|Any CPU = Debug|Any CPU
		Release|Any CPU = Release|Any CPU
	EndGlobalSection
	GlobalSection(ProjectConfigurationPlatforms) = postSolution
		{5BDDA229-3479-47F7-B7FC-501A4FBD8511}.Debug|Any CPU.ActiveCfg = Debug|Any CPU
		{5BDDA229-3479-47F7-B7FC-501A4FBD8511}.Debug|Any CPU.Build.0 = Debug|Any CPU
		{5BDDA229-3479-47F7-B7FC-501A4FBD8511}.Release|Any CPU.ActiveCfg = Release|Any CPU
		{5BDDA229-3479-47F7-B7FC-501A4FBD8511}.Release|Any CPU.Build.0 = Release|Any CPU
		{264C5855-A290-42FE-9FBD-DBD5F0A770DA}.Debug|Any CPU.ActiveCfg = Debug|Any CPU
		{264C5855-A290-42FE-9FBD-DBD5F0A770DA}.Debug|Any CPU.Build.0 = Debug|Any CPU
		{264C5855-A290-42FE-9FBD-DBD5F0A770DA}.Release|Any CPU.ActiveCfg = Release|Any CPU
		{264C5855-A290-42FE-9FBD-DBD5F0A770DA}.Release|Any CPU.Build.0 = Release|Any CPU
	EndGlobalSection
	GlobalSection(SolutionProperties) = preSolution
		HideSolutionNode = FALSE
	EndGlobalSection
	GlobalSection(ExtensibilityGlobals) = postSolution
		SolutionGuid = {32256919-7DCE-4422-BADD-2D7A52855BED}
	EndGlobalSection
EndGlobal
